PODS:
  - appupdateplugin (0.0.1):
    - Flutter
  - Flutter (1.0.0)

DEPENDENCIES:
  - appupdateplugin (from `.symlinks/plugins/appupdateplugin/ios`)
  - Flutter (from `Flutter`)

EXTERNAL SOURCES:
  appupdateplugin:
    :path: ".symlinks/plugins/appupdateplugin/ios"
  Flutter:
    :path: Flutter

SPEC CHECKSUMS:
  appupdateplugin: 64bcb183779bd84018b424dc4507bf95dbba86a1
  Flutter: 0e3d915762c693b495b44d77113d4970485de6ec

PODFILE CHECKSUM: c34e2287a9ccaa606aeceab922830efb9a6ff69a

COCOAPODS: 1.9.0
